
Microsoft Visual Studio Solution File, Format Version 12.00
# Visual Studio 15
VisualStudioVersion = 15.0.26228.4
MinimumVisualStudioVersion = 10.0.40219.1
Project("{9A19103F-16F7-4668-BE54-9A1E7A4F7556}") = "RequirementsScheduler.Host.Console", "RequirementsScheduler.Host.Console\RequirementsScheduler.Host.Console.csproj", "{2DD39EC2-F419-43E4-A170-41F8DF61C37F}"
EndProject
Project("{9A19103F-16F7-4668-BE54-9A1E7A4F7556}") = "RequirementsScheduler.Library", "RequirementsScheduler.Library\RequirementsScheduler.Library.csproj", "{D81BF138-4292-4315-A63B-9513D0A2B12B}"
EndProject
Project("{9A19103F-16F7-4668-BE54-9A1E7A4F7556}") = "RequirementsScheduler.DAL", "RequirementsScheduler.DAL\RequirementsScheduler.DAL.csproj", "{07FEBFE2-F902-4AC1-8ACB-81E603B9F786}"
EndProject
Project("{9A19103F-16F7-4668-BE54-9A1E7A4F7556}") = "RequirementsScheduler.Core", "RequirementsScheduler.Core\RequirementsScheduler.Core.csproj", "{3ED44E44-6D3D-47A5-8D2E-C3F9353D855C}"
EndProject
Project("{9A19103F-16F7-4668-BE54-9A1E7A4F7556}") = "RequirementsScheduler", "RequirementsScheduler\RequirementsScheduler.csproj", "{1E72C40F-662E-4DD8-B179-6A9A360D866A}"
EndProject
Global
	GlobalSection(SolutionConfigurationPlatforms) = preSolution
		Debug|Any CPU = Debug|Any CPU
		Release|Any CPU = Release|Any CPU
	EndGlobalSection
	GlobalSection(ProjectConfigurationPlatforms) = postSolution
		{2DD39EC2-F419-43E4-A170-41F8DF61C37F}.Debug|Any CPU.ActiveCfg = Debug|Any CPU
		{2DD39EC2-F419-43E4-A170-41F8DF61C37F}.Debug|Any CPU.Build.0 = Debug|Any CPU
		{2DD39EC2-F419-43E4-A170-41F8DF61C37F}.Release|Any CPU.ActiveCfg = Release|Any CPU
		{2DD39EC2-F419-43E4-A170-41F8DF61C37F}.Release|Any CPU.Build.0 = Release|Any CPU
		{D81BF138-4292-4315-A63B-9513D0A2B12B}.Debug|Any CPU.ActiveCfg = Debug|Any CPU
		{D81BF138-4292-4315-A63B-9513D0A2B12B}.Debug|Any CPU.Build.0 = Debug|Any CPU
		{D81BF138-4292-4315-A63B-9513D0A2B12B}.Release|Any CPU.ActiveCfg = Release|Any CPU
		{D81BF138-4292-4315-A63B-9513D0A2B12B}.Release|Any CPU.Build.0 = Release|Any CPU
		{07FEBFE2-F902-4AC1-8ACB-81E603B9F786}.Debug|Any CPU.ActiveCfg = Debug|Any CPU
		{07FEBFE2-F902-4AC1-8ACB-81E603B9F786}.Debug|Any CPU.Build.0 = Debug|Any CPU
		{07FEBFE2-F902-4AC1-8ACB-81E603B9F786}.Release|Any CPU.ActiveCfg = Release|Any CPU
		{07FEBFE2-F902-4AC1-8ACB-81E603B9F786}.Release|Any CPU.Build.0 = Release|Any CPU
		{3ED44E44-6D3D-47A5-8D2E-C3F9353D855C}.Debug|Any CPU.ActiveCfg = Debug|Any CPU
		{3ED44E44-6D3D-47A5-8D2E-C3F9353D855C}.Debug|Any CPU.Build.0 = Debug|Any CPU
		{3ED44E44-6D3D-47A5-8D2E-C3F9353D855C}.Release|Any CPU.ActiveCfg = Release|Any CPU
		{3ED44E44-6D3D-47A5-8D2E-C3F9353D855C}.Release|Any CPU.Build.0 = Release|Any CPU
		{1E72C40F-662E-4DD8-B179-6A9A360D866A}.Debug|Any CPU.ActiveCfg = Debug|Any CPU
		{1E72C40F-662E-4DD8-B179-6A9A360D866A}.Debug|Any CPU.Build.0 = Debug|Any CPU
		{1E72C40F-662E-4DD8-B179-6A9A360D866A}.Release|Any CPU.ActiveCfg = Release|Any CPU
		{1E72C40F-662E-4DD8-B179-6A9A360D866A}.Release|Any CPU.Build.0 = Release|Any CPU
	EndGlobalSection
	GlobalSection(SolutionProperties) = preSolution
		HideSolutionNode = FALSE
	EndGlobalSection
EndGlobal
